schema: '2.0'
stages:
  data_ingestion:
    cmd: python src/data_ingestion.py
    deps:
    - path: src/data_ingestion.py
      hash: md5
      md5: 6e86e1f53080a8d47cce782df337356b
      size: 3388
    params:
      params.yaml:
        data_ingestion.test_size: 0.3
    outs:
    - path: data/raw
      hash: md5
      md5: d26befd2dda9438254177d9000d9ba1f.dir
      size: 484846
      nfiles: 2
  data_preprocessing:
    cmd: python src/data_preprocessing.py
    deps:
    - path: data/raw
      hash: md5
      md5: d26befd2dda9438254177d9000d9ba1f.dir
      size: 484846
      nfiles: 2
    - path: src/data_preprocessing.py
      hash: md5
      md5: 80eb6ec821ea8551821cf6e5d707d9ac
      size: 4265
    outs:
    - path: data/interim
      hash: md5
      md5: 65f67fee9bcda93c83c71ea6611a8c56.dir
      size: 244957
      nfiles: 2
  feature_engineering:
    cmd: python src/feature_engineering.py
    deps:
    - path: data/interim
      hash: md5
      md5: 65f67fee9bcda93c83c71ea6611a8c56.dir
      size: 244957
      nfiles: 2
    - path: src/feature_engineering.py
      hash: md5
      md5: a47d8b1e437cd1bbce146c548340ee35
      size: 3868
    params:
      params.yaml:
        feature_engineering.max_features: 50
    outs:
    - path: data/processed
      hash: md5
      md5: b801ce640227a424d626a67d4ef3832d.dir
      size: 1182188
      nfiles: 2
  model_building:
    cmd: python src/model_building.py
    deps:
    - path: data/processed
      hash: md5
      md5: b801ce640227a424d626a67d4ef3832d.dir
      size: 1182188
      nfiles: 2
    - path: src/model_building.py
      hash: md5
      md5: 3d809a40b3539939b54460a5420b74e0
      size: 4412
    params:
      params.yaml:
        model_building.n_estimators: 30
        model_building.random_state: 3
    outs:
    - path: models/model.pkl
      hash: md5
      md5: 67989beec1a04c633c1e09fa174d0b0a
      size: 1090657
  model_evaluation:
    cmd: python src/model_evaluation.py
    deps:
    - path: models/model.pkl
      hash: md5
      md5: 67989beec1a04c633c1e09fa174d0b0a
      size: 1090657
    - path: src/model_evaluation.py
      hash: md5
      md5: 3f47a2c10b2dc6af419600dc3397ca68
      size: 3627
    outs:
    - path: reports/metrics.json
      hash: md5
      md5: 3d7b04e80ff83200d44800bd1ae2e5b8
      size: 145
