schema: '2.0'
stages:
  data_ingestion:
    cmd: python src/data_ingestion.py
    deps:
    - path: src/data_ingestion.py
      hash: md5
      md5: 6e86e1f53080a8d47cce782df337356b
      size: 3388
    params:
      params.yaml:
        data_ingestion.test_size: 0.2
    outs:
    - path: data/raw
      hash: md5
      md5: 1a287d34dc172d9f950c03dae35f7e73.dir
      size: 484846
      nfiles: 2
  data_preprocessing:
    cmd: python src/data_preprocessing.py
    deps:
    - path: data/raw
      hash: md5
      md5: 1a287d34dc172d9f950c03dae35f7e73.dir
      size: 484846
      nfiles: 2
    - path: src/data_preprocessing.py
      hash: md5
      md5: 80eb6ec821ea8551821cf6e5d707d9ac
      size: 4265
    outs:
    - path: data/interim
      hash: md5
      md5: 0d9b2d60b7de2d826a99988a1f926798.dir
      size: 242740
      nfiles: 2
  feature_engineering:
    cmd: python src/feature_engineering.py
    deps:
    - path: data/interim
      hash: md5
      md5: 0d9b2d60b7de2d826a99988a1f926798.dir
      size: 242740
      nfiles: 2
    - path: src/feature_engineering.py
      hash: md5
      md5: a47d8b1e437cd1bbce146c548340ee35
      size: 3868
    params:
      params.yaml:
        feature_engineering.max_features: 50
    outs:
    - path: data/processed
      hash: md5
      md5: 2f321d87accdf3013b610e7b77633ed0.dir
      size: 1173515
      nfiles: 2
  model_building:
    cmd: python src/model_building.py
    deps:
    - path: data/processed
      hash: md5
      md5: 2f321d87accdf3013b610e7b77633ed0.dir
      size: 1173515
      nfiles: 2
    - path: src/model_building.py
      hash: md5
      md5: 3d809a40b3539939b54460a5420b74e0
      size: 4412
    params:
      params.yaml:
        model_building.n_estimators: 50
        model_building.random_state: 2
    outs:
    - path: models/model.pkl
      hash: md5
      md5: 6c0aa10b28978a9c33721ef7d529f306
      size: 2000407
  model_evaluation:
    cmd: python src/model_evaluation.py
    deps:
    - path: models/model.pkl
      hash: md5
      md5: 6c0aa10b28978a9c33721ef7d529f306
      size: 2000407
    - path: src/model_evaluation.py
      hash: md5
      md5: 96e8145df03fa3a2d828c8031a6f3d41
      size: 4583
    outs:
    - path: reports/metrics.json
      hash: md5
      md5: 5afcb1f39c9de219a42ead823f34f7f9
      size: 145
